
Microsoft Visual Studio Solution File, Format Version 12.00
# Visual Studio Version 17
VisualStudioVersion = 17.0.31612.314
MinimumVisualStudioVersion = 10.0.40219.1
Project("{FAE04EC0-301F-11D3-BF4B-00C04F79EFBC}") = "BaBot", "BaBot\BaBot.csproj", "{C15EC849-C0B4-4CB8-95AC-29C543314EBE}"
EndProject
Global
	GlobalSection(SolutionConfigurationPlatforms) = preSolution
		Debug|Any CPU = Debug|Any CPU
		Debug|x64 = Debug|x64
		Release|Any CPU = Release|Any CPU
		Release|x64 = Release|x64
	EndGlobalSection
	GlobalSection(ProjectConfigurationPlatforms) = postSolution
		{C15EC849-C0B4-4CB8-95AC-29C543314EBE}.Debug|Any CPU.ActiveCfg = Debug|Any CPU
		{C15EC849-C0B4-4CB8-95AC-29C543314EBE}.Debug|Any CPU.Build.0 = Debug|Any CPU
		{C15EC849-C0B4-4CB8-95AC-29C543314EBE}.Debug|x64.ActiveCfg = Debug|x64
		{C15EC849-C0B4-4CB8-95AC-29C543314EBE}.Debug|x64.Build.0 = Debug|x64
		{C15EC849-C0B4-4CB8-95AC-29C543314EBE}.Release|Any CPU.ActiveCfg = Release|Any CPU
		{C15EC849-C0B4-4CB8-95AC-29C543314EBE}.Release|Any CPU.Build.0 = Release|Any CPU
		{C15EC849-C0B4-4CB8-95AC-29C543314EBE}.Release|x64.ActiveCfg = Release|x64
		{C15EC849-C0B4-4CB8-95AC-29C543314EBE}.Release|x64.Build.0 = Release|x64
	EndGlobalSection
	GlobalSection(SolutionProperties) = preSolution
		HideSolutionNode = FALSE
	EndGlobalSection
	GlobalSection(ExtensibilityGlobals) = postSolution
		SolutionGuid = {1858A6E4-4060-44D7-85F3-47822B2AE2EB}
	EndGlobalSection
EndGlobal
